
Microsoft Visual Studio Solution File, Format Version 12.00
# Visual Studio Version 16
VisualStudioVersion = 16.0.31129.286
MinimumVisualStudioVersion = 10.0.40219.1
Project("{9A19103F-16F7-4668-BE54-9A1E7A4F7556}") = "Domain", "Domain\Domain.csproj", "{A3069EC9-E22A-4665-B06C-2E509EE9301B}"
EndProject
Project("{9A19103F-16F7-4668-BE54-9A1E7A4F7556}") = "Infrastructure", "Infrastructure\Infrastructure.csproj", "{9F9F0C51-D3DE-4FF1-8BFA-B727244A88B1}"
EndProject
Project("{9A19103F-16F7-4668-BE54-9A1E7A4F7556}") = "Application", "Application\Application.csproj", "{F97A06C4-091F-4E90-9399-EC57A5367EBF}"
EndProject
Project("{FAE04EC0-301F-11D3-BF4B-00C04F79EFBC}") = "Presentation", "Presentation\Presentation.csproj", "{7CADB9CB-56F2-4528-A675-B841DC59573C}"
EndProject
Global
	GlobalSection(SolutionConfigurationPlatforms) = preSolution
		Debug|Any CPU = Debug|Any CPU
		Release|Any CPU = Release|Any CPU
	EndGlobalSection
	GlobalSection(ProjectConfigurationPlatforms) = postSolution
		{A3069EC9-E22A-4665-B06C-2E509EE9301B}.Debug|Any CPU.ActiveCfg = Debug|Any CPU
		{A3069EC9-E22A-4665-B06C-2E509EE9301B}.Debug|Any CPU.Build.0 = Debug|Any CPU
		{A3069EC9-E22A-4665-B06C-2E509EE9301B}.Release|Any CPU.ActiveCfg = Release|Any CPU
		{A3069EC9-E22A-4665-B06C-2E509EE9301B}.Release|Any CPU.Build.0 = Release|Any CPU
		{9F9F0C51-D3DE-4FF1-8BFA-B727244A88B1}.Debug|Any CPU.ActiveCfg = Debug|Any CPU
		{9F9F0C51-D3DE-4FF1-8BFA-B727244A88B1}.Debug|Any CPU.Build.0 = Debug|Any CPU
		{9F9F0C51-D3DE-4FF1-8BFA-B727244A88B1}.Release|Any CPU.ActiveCfg = Release|Any CPU
		{9F9F0C51-D3DE-4FF1-8BFA-B727244A88B1}.Release|Any CPU.Build.0 = Release|Any CPU
		{F97A06C4-091F-4E90-9399-EC57A5367EBF}.Debug|Any CPU.ActiveCfg = Debug|Any CPU
		{F97A06C4-091F-4E90-9399-EC57A5367EBF}.Debug|Any CPU.Build.0 = Debug|Any CPU
		{F97A06C4-091F-4E90-9399-EC57A5367EBF}.Release|Any CPU.ActiveCfg = Release|Any CPU
		{F97A06C4-091F-4E90-9399-EC57A5367EBF}.Release|Any CPU.Build.0 = Release|Any CPU
		{7CADB9CB-56F2-4528-A675-B841DC59573C}.Debug|Any CPU.ActiveCfg = Debug|Any CPU
		{7CADB9CB-56F2-4528-A675-B841DC59573C}.Debug|Any CPU.Build.0 = Debug|Any CPU
		{7CADB9CB-56F2-4528-A675-B841DC59573C}.Release|Any CPU.ActiveCfg = Release|Any CPU
		{7CADB9CB-56F2-4528-A675-B841DC59573C}.Release|Any CPU.Build.0 = Release|Any CPU
	EndGlobalSection
	GlobalSection(SolutionProperties) = preSolution
		HideSolutionNode = FALSE
	EndGlobalSection
	GlobalSection(ExtensibilityGlobals) = postSolution
		SolutionGuid = {04D53DEA-5661-4675-A7A7-8200194E14A2}
	EndGlobalSection
EndGlobal
